
Microsoft Visual Studio Solution File, Format Version 12.00
# Visual Studio Version 17
VisualStudioVersion = 17.5.33530.505
MinimumVisualStudioVersion = 10.0.40219.1
Project("{FAE04EC0-301F-11D3-BF4B-00C04F79EFBC}") = "Files and Dirs", "Files and Dirs\Files and Dirs.csproj", "{64F4659A-B255-4EDA-8E16-92EFF93FCC1D}"
EndProject
Global
	GlobalSection(SolutionConfigurationPlatforms) = preSolution
		Debug|Any CPU = Debug|Any CPU
		Release|Any CPU = Release|Any CPU
	EndGlobalSection
	GlobalSection(ProjectConfigurationPlatforms) = postSolution
		{64F4659A-B255-4EDA-8E16-92EFF93FCC1D}.Debug|Any CPU.ActiveCfg = Debug|Any CPU
		{64F4659A-B255-4EDA-8E16-92EFF93FCC1D}.Debug|Any CPU.Build.0 = Debug|Any CPU
		{64F4659A-B255-4EDA-8E16-92EFF93FCC1D}.Release|Any CPU.ActiveCfg = Release|Any CPU
		{64F4659A-B255-4EDA-8E16-92EFF93FCC1D}.Release|Any CPU.Build.0 = Release|Any CPU
	EndGlobalSection
	GlobalSection(SolutionProperties) = preSolution
		HideSolutionNode = FALSE
	EndGlobalSection
	GlobalSection(ExtensibilityGlobals) = postSolution
		SolutionGuid = {AA5CC668-9C52-4EED-AD58-AECA22DF27E2}
	EndGlobalSection
EndGlobal
